// !$*UTF8*$!
{
	archiveVersion = 1;
	classes = {
	};
	objectVersion = 50;
	objects = {

/* Begin PBXBuildFile section */
		4EC6CFD321B65D040046B8BA /* AppDelegate.swift in Sources */ = {isa = PBXBuildFile; fileRef = 4EC6CFD221B65D040046B8BA /* AppDelegate.swift */; };
		4EC6CFD521B65D040046B8BA /* FeedViewController.swift in Sources */ = {isa = PBXBuildFile; fileRef = 4EC6CFD421B65D040046B8BA /* FeedViewController.swift */; };
		4EC6CFDA21B65D050046B8BA /* Assets.xcassets in Resources */ = {isa = PBXBuildFile; fileRef = 4EC6CFD921B65D050046B8BA /* Assets.xcassets */; };
		4EC6CFDD21B65D050046B8BA /* LaunchScreen.storyboard in Resources */ = {isa = PBXBuildFile; fileRef = 4EC6CFDB21B65D050046B8BA /* LaunchScreen.storyboard */; };
		4EC6CFE621B65FE90046B8BA /* FeedEntities.swift in Sources */ = {isa = PBXBuildFile; fileRef = 4EC6CFE521B65FE90046B8BA /* FeedEntities.swift */; };
		4EC6CFE821B660E60046B8BA /* FeedViewModel.swift in Sources */ = {isa = PBXBuildFile; fileRef = 4EC6CFE721B660E60046B8BA /* FeedViewModel.swift */; };
		4EC6CFEA21B6627D0046B8BA /* FeedCardCell.swift in Sources */ = {isa = PBXBuildFile; fileRef = 4EC6CFE921B6627D0046B8BA /* FeedCardCell.swift */; };
		4EC6CFF421B670C50046B8BA /* FlexLayout.framework in Frameworks */ = {isa = PBXBuildFile; fileRef = 4EC6CFF321B670C50046B8BA /* FlexLayout.framework */; };
		4EC6CFF721B6718B0046B8BA /* TitleElement.swift in Sources */ = {isa = PBXBuildFile; fileRef = 4EC6CFF621B6718B0046B8BA /* TitleElement.swift */; };
		4EC6CFF921B6719A0046B8BA /* SubtitleElement.swift in Sources */ = {isa = PBXBuildFile; fileRef = 4EC6CFF821B6719A0046B8BA /* SubtitleElement.swift */; };
		4EC6CFFB21B671AA0046B8BA /* BodyElement.swift in Sources */ = {isa = PBXBuildFile; fileRef = 4EC6CFFA21B671AA0046B8BA /* BodyElement.swift */; };
		4EC6CFFD21B6938C0046B8BA /* PinLayout.framework in Frameworks */ = {isa = PBXBuildFile; fileRef = 4EC6CFFC21B6938C0046B8BA /* PinLayout.framework */; };
		4EC6CFFF21B69A290046B8BA /* Kingfisher.framework in Frameworks */ = {isa = PBXBuildFile; fileRef = 4EC6CFFE21B69A290046B8BA /* Kingfisher.framework */; };
		4EC6D00121B69AA30046B8BA /* ImageElement.swift in Sources */ = {isa = PBXBuildFile; fileRef = 4EC6D00021B69AA30046B8BA /* ImageElement.swift */; };
		4EC6D00621B6B4320046B8BA /* Typography.swift in Sources */ = {isa = PBXBuildFile; fileRef = 4EC6D00521B6B4320046B8BA /* Typography.swift */; };
		4EC6D00821B6B4E70046B8BA /* Color.swift in Sources */ = {isa = PBXBuildFile; fileRef = 4EC6D00721B6B4E70046B8BA /* Color.swift */; };
		4EC6D00A21B6BAD90046B8BA /* Theme.swift in Sources */ = {isa = PBXBuildFile; fileRef = 4EC6D00921B6BAD90046B8BA /* Theme.swift */; };
		4EC6D00C21B6C62B0046B8BA /* TextStyle.swift in Sources */ = {isa = PBXBuildFile; fileRef = 4EC6D00B21B6C62B0046B8BA /* TextStyle.swift */; };
		4EC6D00E21B6C6A70046B8BA /* FuckingSingleton.swift in Sources */ = {isa = PBXBuildFile; fileRef = 4EC6D00D21B6C6A70046B8BA /* FuckingSingleton.swift */; };
/* End PBXBuildFile section */

/* Begin PBXFileReference section */
		4EC6CFCF21B65D040046B8BA /* Flo_DesignSystem.app */ = {isa = PBXFileReference; explicitFileType = wrapper.application; includeInIndex = 0; path = Flo_DesignSystem.app; sourceTree = BUILT_PRODUCTS_DIR; };
		4EC6CFD221B65D040046B8BA /* AppDelegate.swift */ = {isa = PBXFileReference; lastKnownFileType = sourcecode.swift; path = AppDelegate.swift; sourceTree = "<group>"; };
		4EC6CFD421B65D040046B8BA /* FeedViewController.swift */ = {isa = PBXFileReference; lastKnownFileType = sourcecode.swift; path = FeedViewController.swift; sourceTree = "<group>"; };
		4EC6CFD921B65D050046B8BA /* Assets.xcassets */ = {isa = PBXFileReference; lastKnownFileType = folder.assetcatalog; path = Assets.xcassets; sourceTree = "<group>"; };
		4EC6CFDC21B65D050046B8BA /* Base */ = {isa = PBXFileReference; lastKnownFileType = file.storyboard; name = Base; path = Base.lproj/LaunchScreen.storyboard; sourceTree = "<group>"; };
		4EC6CFDE21B65D050046B8BA /* Info.plist */ = {isa = PBXFileReference; lastKnownFileType = text.plist.xml; path = Info.plist; sourceTree = "<group>"; };
		4EC6CFE521B65FE90046B8BA /* FeedEntities.swift */ = {isa = PBXFileReference; lastKnownFileType = sourcecode.swift; path = FeedEntities.swift; sourceTree = "<group>"; };
		4EC6CFE721B660E60046B8BA /* FeedViewModel.swift */ = {isa = PBXFileReference; lastKnownFileType = sourcecode.swift; path = FeedViewModel.swift; sourceTree = "<group>"; };
		4EC6CFE921B6627D0046B8BA /* FeedCardCell.swift */ = {isa = PBXFileReference; lastKnownFileType = sourcecode.swift; path = FeedCardCell.swift; sourceTree = "<group>"; };
		4EC6CFF321B670C50046B8BA /* FlexLayout.framework */ = {isa = PBXFileReference; lastKnownFileType = wrapper.framework; name = FlexLayout.framework; path = Carthage/Build/iOS/FlexLayout.framework; sourceTree = "<group>"; };
		4EC6CFF621B6718B0046B8BA /* TitleElement.swift */ = {isa = PBXFileReference; lastKnownFileType = sourcecode.swift; path = TitleElement.swift; sourceTree = "<group>"; };
		4EC6CFF821B6719A0046B8BA /* SubtitleElement.swift */ = {isa = PBXFileReference; lastKnownFileType = sourcecode.swift; path = SubtitleElement.swift; sourceTree = "<group>"; };
		4EC6CFFA21B671AA0046B8BA /* BodyElement.swift */ = {isa = PBXFileReference; lastKnownFileType = sourcecode.swift; path = BodyElement.swift; sourceTree = "<group>"; };
		4EC6CFFC21B6938C0046B8BA /* PinLayout.framework */ = {isa = PBXFileReference; lastKnownFileType = wrapper.framework; name = PinLayout.framework; path = Carthage/Build/iOS/PinLayout.framework; sourceTree = "<group>"; };
		4EC6CFFE21B69A290046B8BA /* Kingfisher.framework */ = {isa = PBXFileReference; lastKnownFileType = wrapper.framework; name = Kingfisher.framework; path = Carthage/Build/iOS/Kingfisher.framework; sourceTree = "<group>"; };
		4EC6D00021B69AA30046B8BA /* ImageElement.swift */ = {isa = PBXFileReference; lastKnownFileType = sourcecode.swift; path = ImageElement.swift; sourceTree = "<group>"; };
		4EC6D00521B6B4320046B8BA /* Typography.swift */ = {isa = PBXFileReference; lastKnownFileType = sourcecode.swift; path = Typography.swift; sourceTree = "<group>"; };
		4EC6D00721B6B4E70046B8BA /* Color.swift */ = {isa = PBXFileReference; lastKnownFileType = sourcecode.swift; path = Color.swift; sourceTree = "<group>"; };
		4EC6D00921B6BAD90046B8BA /* Theme.swift */ = {isa = PBXFileReference; lastKnownFileType = sourcecode.swift; path = Theme.swift; sourceTree = "<group>"; };
		4EC6D00B21B6C62B0046B8BA /* TextStyle.swift */ = {isa = PBXFileReference; lastKnownFileType = sourcecode.swift; path = TextStyle.swift; sourceTree = "<group>"; };
		4EC6D00D21B6C6A70046B8BA /* FuckingSingleton.swift */ = {isa = PBXFileReference; lastKnownFileType = sourcecode.swift; path = FuckingSingleton.swift; sourceTree = "<group>"; };
/* End PBXFileReference section */

/* Begin PBXFrameworksBuildPhase section */
		4EC6CFCC21B65D040046B8BA /* Frameworks */ = {
			isa = PBXFrameworksBuildPhase;
			buildActionMask = 2147483647;
			files = (
				4EC6CFFF21B69A290046B8BA /* Kingfisher.framework in Frameworks */,
				4EC6CFFD21B6938C0046B8BA /* PinLayout.framework in Frameworks */,
				4EC6CFF421B670C50046B8BA /* FlexLayout.framework in Frameworks */,
			);
			runOnlyForDeploymentPostprocessing = 0;
		};
/* End PBXFrameworksBuildPhase section */

/* Begin PBXGroup section */
		4EC6CFC621B65D040046B8BA = {
			isa = PBXGroup;
			children = (
				4EC6CFD121B65D040046B8BA /* Flo_DesignSystem */,
				4EC6CFD021B65D040046B8BA /* Products */,
				4EC6CFF221B670C40046B8BA /* Frameworks */,
			);
			sourceTree = "<group>";
		};
		4EC6CFD021B65D040046B8BA /* Products */ = {
			isa = PBXGroup;
			children = (
				4EC6CFCF21B65D040046B8BA /* Flo_DesignSystem.app */,
			);
			name = Products;
			sourceTree = "<group>";
		};
		4EC6CFD121B65D040046B8BA /* Flo_DesignSystem */ = {
			isa = PBXGroup;
			children = (
				4EC6D00221B6A80F0046B8BA /* DesignSystem */,
				4EC6CFE421B65E910046B8BA /* Feed */,
				4EC6CFD221B65D040046B8BA /* AppDelegate.swift */,
				4EC6CFD921B65D050046B8BA /* Assets.xcassets */,
				4EC6CFDB21B65D050046B8BA /* LaunchScreen.storyboard */,
				4EC6CFDE21B65D050046B8BA /* Info.plist */,
			);
			path = Flo_DesignSystem;
			sourceTree = "<group>";
		};
		4EC6CFE421B65E910046B8BA /* Feed */ = {
			isa = PBXGroup;
			children = (
				4EC6CFEB21B66A2D0046B8BA /* Elements */,
				4EC6CFD421B65D040046B8BA /* FeedViewController.swift */,
				4EC6CFE721B660E60046B8BA /* FeedViewModel.swift */,
				4EC6CFE921B6627D0046B8BA /* FeedCardCell.swift */,
				4EC6CFE521B65FE90046B8BA /* FeedEntities.swift */,
			);
			path = Feed;
			sourceTree = "<group>";
		};
		4EC6CFEB21B66A2D0046B8BA /* Elements */ = {
			isa = PBXGroup;
			children = (
				4EC6CFF621B6718B0046B8BA /* TitleElement.swift */,
				4EC6CFF821B6719A0046B8BA /* SubtitleElement.swift */,
				4EC6CFFA21B671AA0046B8BA /* BodyElement.swift */,
				4EC6D00021B69AA30046B8BA /* ImageElement.swift */,
			);
			path = Elements;
			sourceTree = "<group>";
		};
		4EC6CFF221B670C40046B8BA /* Frameworks */ = {
			isa = PBXGroup;
			children = (
				4EC6CFFE21B69A290046B8BA /* Kingfisher.framework */,
				4EC6CFFC21B6938C0046B8BA /* PinLayout.framework */,
				4EC6CFF321B670C50046B8BA /* FlexLayout.framework */,
			);
			name = Frameworks;
			sourceTree = "<group>";
		};
		4EC6D00221B6A80F0046B8BA /* DesignSystem */ = {
			isa = PBXGroup;
			children = (
				4EC6D00521B6B4320046B8BA /* Typography.swift */,
				4EC6D00721B6B4E70046B8BA /* Color.swift */,
				4EC6D00921B6BAD90046B8BA /* Theme.swift */,
				4EC6D00B21B6C62B0046B8BA /* TextStyle.swift */,
				4EC6D00D21B6C6A70046B8BA /* FuckingSingleton.swift */,
			);
			path = DesignSystem;
			sourceTree = "<group>";
		};
/* End PBXGroup section */

/* Begin PBXNativeTarget section */
		4EC6CFCE21B65D040046B8BA /* Flo_DesignSystem */ = {
			isa = PBXNativeTarget;
			buildConfigurationList = 4EC6CFE121B65D050046B8BA /* Build configuration list for PBXNativeTarget "Flo_DesignSystem" */;
			buildPhases = (
				4EC6CFCB21B65D040046B8BA /* Sources */,
				4EC6CFF521B670DC0046B8BA /* Carthage */,
				4EC6CFCC21B65D040046B8BA /* Frameworks */,
				4EC6CFCD21B65D040046B8BA /* Resources */,
			);
			buildRules = (
			);
			dependencies = (
			);
			name = Flo_DesignSystem;
			productName = Flo_DesignSystem;
			productReference = 4EC6CFCF21B65D040046B8BA /* Flo_DesignSystem.app */;
			productType = "com.apple.product-type.application";
		};
/* End PBXNativeTarget section */

/* Begin PBXProject section */
		4EC6CFC721B65D040046B8BA /* Project object */ = {
			isa = PBXProject;
			attributes = {
				LastSwiftUpdateCheck = 1010;
				LastUpgradeCheck = 1010;
				ORGANIZATIONNAME = "Andrei Malyhin";
				TargetAttributes = {
					4EC6CFCE21B65D040046B8BA = {
						CreatedOnToolsVersion = 10.1;
					};
				};
			};
			buildConfigurationList = 4EC6CFCA21B65D040046B8BA /* Build configuration list for PBXProject "Flo_DesignSystem" */;
			compatibilityVersion = "Xcode 9.3";
			developmentRegion = en;
			hasScannedForEncodings = 0;
			knownRegions = (
				en,
				Base,
			);
			mainGroup = 4EC6CFC621B65D040046B8BA;
			productRefGroup = 4EC6CFD021B65D040046B8BA /* Products */;
			projectDirPath = "";
			projectRoot = "";
			targets = (
				4EC6CFCE21B65D040046B8BA /* Flo_DesignSystem */,
			);
		};
/* End PBXProject section */

/* Begin PBXResourcesBuildPhase section */
		4EC6CFCD21B65D040046B8BA /* Resources */ = {
			isa = PBXResourcesBuildPhase;
			buildActionMask = 2147483647;
			files = (
				4EC6CFDD21B65D050046B8BA /* LaunchScreen.storyboard in Resources */,
				4EC6CFDA21B65D050046B8BA /* Assets.xcassets in Resources */,
			);
			runOnlyForDeploymentPostprocessing = 0;
		};
/* End PBXResourcesBuildPhase section */

/* Begin PBXShellScriptBuildPhase section */
		4EC6CFF521B670DC0046B8BA /* Carthage */ = {
			isa = PBXShellScriptBuildPhase;
			buildActionMask = 2147483647;
			files = (
			);
			inputFileListPaths = (
			);
			inputPaths = (
				"$(SRCROOT)/Carthage/Build/iOS/FlexLayout.framework",
				"$(SRCROOT)/Carthage/Build/iOS/PinLayout.framework",
				"$(SRCROOT)/Carthage/Build/iOS/Kingfisher.framework",
			);
			name = Carthage;
			outputFileListPaths = (
			);
			outputPaths = (
				"$(BUILT_PRODUCTS_DIR)/$(FRAMEWORKS_FOLDER_PATH)/FlexLayout.framework",
				"$(BUILT_PRODUCTS_DIR)/$(FRAMEWORKS_FOLDER_PATH)/PinLayout.framework",
			);
			runOnlyForDeploymentPostprocessing = 0;
			shellPath = /bin/sh;
			shellScript = "# Type a script or drag a script file from your workspace to insert its path.\n/usr/local/bin/carthage copy-frameworks\n";
		};
/* End PBXShellScriptBuildPhase section */

/* Begin PBXSourcesBuildPhase section */
		4EC6CFCB21B65D040046B8BA /* Sources */ = {
			isa = PBXSourcesBuildPhase;
			buildActionMask = 2147483647;
			files = (
				4EC6D00621B6B4320046B8BA /* Typography.swift in Sources */,
				4EC6CFF921B6719A0046B8BA /* SubtitleElement.swift in Sources */,
				4EC6D00821B6B4E70046B8BA /* Color.swift in Sources */,
				4EC6D00E21B6C6A70046B8BA /* FuckingSingleton.swift in Sources */,
				4EC6CFEA21B6627D0046B8BA /* FeedCardCell.swift in Sources */,
				4EC6CFE621B65FE90046B8BA /* FeedEntities.swift in Sources */,
				4EC6D00C21B6C62B0046B8BA /* TextStyle.swift in Sources */,
				4EC6CFD521B65D040046B8BA /* FeedViewController.swift in Sources */,
				4EC6CFFB21B671AA0046B8BA /* BodyElement.swift in Sources */,
				4EC6CFF721B6718B0046B8BA /* TitleElement.swift in Sources */,
				4EC6D00121B69AA30046B8BA /* ImageElement.swift in Sources */,
				4EC6D00A21B6BAD90046B8BA /* Theme.swift in Sources */,
				4EC6CFE821B660E60046B8BA /* FeedViewModel.swift in Sources */,
				4EC6CFD321B65D040046B8BA /* AppDelegate.swift in Sources */,
			);
			runOnlyForDeploymentPostprocessing = 0;
		};
/* End PBXSourcesBuildPhase section */

/* Begin PBXVariantGroup section */
		4EC6CFDB21B65D050046B8BA /* LaunchScreen.storyboard */ = {
			isa = PBXVariantGroup;
			children = (
				4EC6CFDC21B65D050046B8BA /* Base */,
			);
			name = LaunchScreen.storyboard;
			sourceTree = "<group>";
		};
/* End PBXVariantGroup section */

/* Begin XCBuildConfiguration section */
		4EC6CFDF21B65D050046B8BA /* Debug */ = {
			isa = XCBuildConfiguration;
			buildSettings = {
				ALWAYS_SEARCH_USER_PATHS = NO;
				CLANG_ANALYZER_NONNULL = YES;
				CLANG_ANALYZER_NUMBER_OBJECT_CONVERSION = YES_AGGRESSIVE;
				CLANG_CXX_LANGUAGE_STANDARD = "gnu++14";
				CLANG_CXX_LIBRARY = "libc++";
				CLANG_ENABLE_MODULES = YES;
				CLANG_ENABLE_OBJC_ARC = YES;
				CLANG_ENABLE_OBJC_WEAK = YES;
				CLANG_WARN_BLOCK_CAPTURE_AUTORELEASING = YES;
				CLANG_WARN_BOOL_CONVERSION = YES;
				CLANG_WARN_COMMA = YES;
				CLANG_WARN_CONSTANT_CONVERSION = YES;
				CLANG_WARN_DEPRECATED_OBJC_IMPLEMENTATIONS = YES;
				CLANG_WARN_DIRECT_OBJC_ISA_USAGE = YES_ERROR;
				CLANG_WARN_DOCUMENTATION_COMMENTS = YES;
				CLANG_WARN_EMPTY_BODY = YES;
				CLANG_WARN_ENUM_CONVERSION = YES;
				CLANG_WARN_INFINITE_RECURSION = YES;
				CLANG_WARN_INT_CONVERSION = YES;
				CLANG_WARN_NON_LITERAL_NULL_CONVERSION = YES;
				CLANG_WARN_OBJC_IMPLICIT_RETAIN_SELF = YES;
				CLANG_WARN_OBJC_LITERAL_CONVERSION = YES;
				CLANG_WARN_OBJC_ROOT_CLASS = YES_ERROR;
				CLANG_WARN_RANGE_LOOP_ANALYSIS = YES;
				CLANG_WARN_STRICT_PROTOTYPES = YES;
				CLANG_WARN_SUSPICIOUS_MOVE = YES;
				CLANG_WARN_UNGUARDED_AVAILABILITY = YES_AGGRESSIVE;
				CLANG_WARN_UNREACHABLE_CODE = YES;
				CLANG_WARN__DUPLICATE_METHOD_MATCH = YES;
				CODE_SIGN_IDENTITY = "iPhone Developer";
				COPY_PHASE_STRIP = NO;
				DEBUG_INFORMATION_FORMAT = dwarf;
				ENABLE_STRICT_OBJC_MSGSEND = YES;
				ENABLE_TESTABILITY = YES;
				GCC_C_LANGUAGE_STANDARD = gnu11;
				GCC_DYNAMIC_NO_PIC = NO;
				GCC_NO_COMMON_BLOCKS = YES;
				GCC_OPTIMIZATION_LEVEL = 0;
				GCC_PREPROCESSOR_DEFINITIONS = (
					"DEBUG=1",
					"$(inherited)",
				);
				GCC_WARN_64_TO_32_BIT_CONVERSION = YES;
				GCC_WARN_ABOUT_RETURN_TYPE = YES_ERROR;
				GCC_WARN_UNDECLARED_SELECTOR = YES;
				GCC_WARN_UNINITIALIZED_AUTOS = YES_AGGRESSIVE;
				GCC_WARN_UNUSED_FUNCTION = YES;
				GCC_WARN_UNUSED_VARIABLE = YES;
				IPHONEOS_DEPLOYMENT_TARGET = 12.1;
				MTL_ENABLE_DEBUG_INFO = INCLUDE_SOURCE;
				MTL_FAST_MATH = YES;
				ONLY_ACTIVE_ARCH = YES;
				SDKROOT = iphoneos;
				SWIFT_ACTIVE_COMPILATION_CONDITIONS = DEBUG;
				SWIFT_OPTIMIZATION_LEVEL = "-Onone";
			};
			name = Debug;
		};
		4EC6CFE021B65D050046B8BA /* Release */ = {
			isa = XCBuildConfiguration;
			buildSettings = {
				ALWAYS_SEARCH_USER_PATHS = NO;
				CLANG_ANALYZER_NONNULL = YES;
				CLANG_ANALYZER_NUMBER_OBJECT_CONVERSION = YES_AGGRESSIVE;
				CLANG_CXX_LANGUAGE_STANDARD = "gnu++14";
				CLANG_CXX_LIBRARY = "libc++";
				CLANG_ENABLE_MODULES = YES;
				CLANG_ENABLE_OBJC_ARC = YES;
				CLANG_ENABLE_OBJC_WEAK = YES;
				CLANG_WARN_BLOCK_CAPTURE_AUTORELEASING = YES;
				CLANG_WARN_BOOL_CONVERSION = YES;
				CLANG_WARN_COMMA = YES;
				CLANG_WARN_CONSTANT_CONVERSION = YES;
				CLANG_WARN_DEPRECATED_OBJC_IMPLEMENTATIONS = YES;
				CLANG_WARN_DIRECT_OBJC_ISA_USAGE = YES_ERROR;
				CLANG_WARN_DOCUMENTATION_COMMENTS = YES;
				CLANG_WARN_EMPTY_BODY = YES;
				CLANG_WARN_ENUM_CONVERSION = YES;
				CLANG_WARN_INFINITE_RECURSION = YES;
				CLANG_WARN_INT_CONVERSION = YES;
				CLANG_WARN_NON_LITERAL_NULL_CONVERSION = YES;
				CLANG_WARN_OBJC_IMPLICIT_RETAIN_SELF = YES;
				CLANG_WARN_OBJC_LITERAL_CONVERSION = YES;
				CLANG_WARN_OBJC_ROOT_CLASS = YES_ERROR;
				CLANG_WARN_RANGE_LOOP_ANALYSIS = YES;
				CLANG_WARN_STRICT_PROTOTYPES = YES;
				CLANG_WARN_SUSPICIOUS_MOVE = YES;
				CLANG_WARN_UNGUARDED_AVAILABILITY = YES_AGGRESSIVE;
				CLANG_WARN_UNREACHABLE_CODE = YES;
				CLANG_WARN__DUPLICATE_METHOD_MATCH = YES;
				CODE_SIGN_IDENTITY = "iPhone Developer";
				COPY_PHASE_STRIP = NO;
				DEBUG_INFORMATION_FORMAT = "dwarf-with-dsym";
				ENABLE_NS_ASSERTIONS = NO;
				ENABLE_STRICT_OBJC_MSGSEND = YES;
				GCC_C_LANGUAGE_STANDARD = gnu11;
				GCC_NO_COMMON_BLOCKS = YES;
				GCC_WARN_64_TO_32_BIT_CONVERSION = YES;
				GCC_WARN_ABOUT_RETURN_TYPE = YES_ERROR;
				GCC_WARN_UNDECLARED_SELECTOR = YES;
				GCC_WARN_UNINITIALIZED_AUTOS = YES_AGGRESSIVE;
				GCC_WARN_UNUSED_FUNCTION = YES;
				GCC_WARN_UNUSED_VARIABLE = YES;
				IPHONEOS_DEPLOYMENT_TARGET = 12.1;
				MTL_ENABLE_DEBUG_INFO = NO;
				MTL_FAST_MATH = YES;
				SDKROOT = iphoneos;
				SWIFT_COMPILATION_MODE = wholemodule;
				SWIFT_OPTIMIZATION_LEVEL = "-O";
				VALIDATE_PRODUCT = YES;
			};
			name = Release;
		};
		4EC6CFE221B65D050046B8BA /* Debug */ = {
			isa = XCBuildConfiguration;
			buildSettings = {
				ASSETCATALOG_COMPILER_APPICON_NAME = AppIcon;
				CODE_SIGN_STYLE = Automatic;
				FRAMEWORK_SEARCH_PATHS = (
					"$(inherited)",
					"$(PROJECT_DIR)/Carthage/Build/iOS",
				);
				INFOPLIST_FILE = Flo_DesignSystem/Info.plist;
				LD_RUNPATH_SEARCH_PATHS = (
					"$(inherited)",
					"@executable_path/Frameworks",
				);
				PRODUCT_BUNDLE_IDENTIFIER = "io.andrei.Flo-DesignSystem";
				PRODUCT_NAME = "$(TARGET_NAME)";
				SWIFT_VERSION = 4.2;
				TARGETED_DEVICE_FAMILY = "1,2";
			};
			name = Debug;
		};
		4EC6CFE321B65D050046B8BA /* Release */ = {
			isa = XCBuildConfiguration;
			buildSettings = {
				ASSETCATALOG_COMPILER_APPICON_NAME = AppIcon;
				CODE_SIGN_STYLE = Automatic;
				FRAMEWORK_SEARCH_PATHS = (
					"$(inherited)",
					"$(PROJECT_DIR)/Carthage/Build/iOS",
				);
				INFOPLIST_FILE = Flo_DesignSystem/Info.plist;
				LD_RUNPATH_SEARCH_PATHS = (
					"$(inherited)",
					"@executable_path/Frameworks",
				);
				PRODUCT_BUNDLE_IDENTIFIER = "io.andrei.Flo-DesignSystem";
				PRODUCT_NAME = "$(TARGET_NAME)";
				SWIFT_VERSION = 4.2;
				TARGETED_DEVICE_FAMILY = "1,2";
			};
			name = Release;
		};
/* End XCBuildConfiguration section */

/* Begin XCConfigurationList section */
		4EC6CFCA21B65D040046B8BA /* Build configuration list for PBXProject "Flo_DesignSystem" */ = {
			isa = XCConfigurationList;
			buildConfigurations = (
				4EC6CFDF21B65D050046B8BA /* Debug */,
				4EC6CFE021B65D050046B8BA /* Release */,
			);
			defaultConfigurationIsVisible = 0;
			defaultConfigurationName = Release;
		};
		4EC6CFE121B65D050046B8BA /* Build configuration list for PBXNativeTarget "Flo_DesignSystem" */ = {
			isa = XCConfigurationList;
			buildConfigurations = (
				4EC6CFE221B65D050046B8BA /* Debug */,
				4EC6CFE321B65D050046B8BA /* Release */,
			);
			defaultConfigurationIsVisible = 0;
			defaultConfigurationName = Release;
		};
/* End XCConfigurationList section */
	};
	rootObject = 4EC6CFC721B65D040046B8BA /* Project object */;
}
